<?xml version="1.0" encoding="utf-8"?>
<Project ToolsVersion="4.0" xmlns="http://schemas.microsoft.com/developer/msbuild/2003">
  <ItemGroup>
    <ClCompile Include="src\engine\app\application.cpp" />
    <ClCompile Include="src\engine\app\eventHandler.cpp" />
    <ClCompile Include="src\engine\math\quaternion.cpp" />
    <ClCompile Include="src\engine\math\transform.cpp" />
    <ClCompile Include="src\engine\math\transformMatrix.cpp" />
    <ClCompile Include="src\engine\renderer\modules\cameraRenderer.cpp" />
    <ClCompile Include="src\engine\renderer\modules\lightRenderer.cpp" />
    <ClCompile Include="src\engine\renderer\modules\meshRenderer.cpp" />
    <ClCompile Include="src\engine\scene\components.cpp" />
    <ClCompile Include="src\engine\scene\ecsRegistry.cpp" />
    <ClCompile Include="src\engine\scene\scene.cpp" />
    <ClCompile Include="src\engine\scene\entity.cpp" />
    <ClCompile Include="src\engine\renderer\renderer.cpp" />
    <ClCompile Include="src\engine\text\avtFreeType.cpp" />
    <ClCompile Include="src\engine\math\AVTmathLib.cpp" />
    <ClCompile Include="src\engine\renderer\basic_geometry.cpp" />
    <ClCompile Include="src\engine\utils\mathUtils.cpp" />
    <ClCompile Include="src\MicroMachines3D.cpp" />
    <ClCompile Include="src\engine\renderer\Texture_Loader.cpp" />
    <ClCompile Include="src\engine\renderer\vsShaderLib.cpp" />
    <ClCompile Include="src\MicroMachines3D\common\materials.h" />
    <ClCompile Include="src\engine\physics\physicsEngine.cpp" />
    <ClCompile Include="src\engine\physics\force.cpp" />
    <ClCompile Include="src\engine\physics\collision.h" />
    <ClCompile Include="src\engine\physics\collisionResolver.cpp" />
  </ItemGroup>
  <ItemGroup>
    <ClInclude Include="src\engine\app\application.h" />
    <ClInclude Include="src\engine\app\callback.h" />
    <ClInclude Include="src\engine\app\eventHandler.h" />
    <ClInclude Include="src\engine\math\quaternion.h" />
    <ClInclude Include="src\engine\math\transform.h" />
    <ClInclude Include="src\engine\math\transformMatrix.h" />
    <ClInclude Include="src\engine\scene\components.h" />
    <ClInclude Include="src\engine\scene\ecsRegistry.h" />
    <ClInclude Include="src\engine\scene\sceneEntity.h" />
    <ClInclude Include="src\engine\utils\mathUtils.h" />
    <ClInclude Include="src\engine\utils\coords.h" />
    <ClInclude Include="src\engine\scene\cameraEntity.h" />
    <ClInclude Include="src\engine\scene\scene.h" />
    <ClInclude Include="src\engine\scene\entity.h" />
    <ClInclude Include="src\engine\scene\script.h" />
    <ClInclude Include="src\engine\renderer\renderer.h" />
    <ClInclude Include="src\MicroMachines3D\common\constants.h" />
    <ClInclude Include="src\MicroMachines3D\common\include.h" />
    <ClInclude Include="src\MicroMachines3D\entities\manager\gameManager.h" />
    <ClInclude Include="src\MicroMachines3D\scenes\MicroMachines3DScene.h" />
    <ClInclude Include="src\MicroMachines3D\scripts\manager\camera\cameraManagerScript.h" />
    <ClInclude Include="src\MicroMachines3D\scripts\manager\camera\targetOrbitalCameraScript.h" />
    <ClInclude Include="src\MicroMachines3D\scripts\car\carHeadlightsScript.h" />
    <ClInclude Include="src\MicroMachines3D\entities\manager\cameraManager.h" />
    <ClInclude Include="src\MicroMachines3D\entities\world\car.h" />
    <ClInclude Include="src\MicroMachines3D\entities\world\table.h" />
    <ClInclude Include="src\engine\text\avtFreeType.h" />
    <ClInclude Include="src\engine\math\AVTmathLib.h" />
    <ClInclude Include="src\engine\renderer\cube.h" />
    <ClInclude Include="src\ft2build.h" />
    <ClInclude Include="src\engine\renderer\geometry.h" />
    <ClInclude Include="src\engine\renderer\Texture_Loader.h" />
    <ClInclude Include="src\engine\renderer\VertexAttrDef.h" />
    <ClInclude Include="src\engine\renderer\vsShaderLib.h" />
    <ClInclude Include="src\MicroMachines3D\scripts\manager\game\globalLightScript.h" />
    <ClInclude Include="src\engine\physics\physicsEngine.h" />
    <ClInclude Include="src\MicroMachines3D\scripts\car\carMovementScript.h" />
    <ClInclude Include="src\engine\physics\force.h" />
    <ClInclude Include="src\MicroMachines3D\entities\world\cheeriosTrack.h" />
    <ClInclude Include="src\MicroMachines3D\entities\world\candels.h" />
    <ClInclude Include="src\MicroMachines3D\scripts\candels\candelsLightScript.h" />
    <ClInclude Include="src\engine\physics\collisionResolver.h" />
  </ItemGroup>
  <ItemGroup>
    <None Include="Dependencies.exe" />
    <None Include="shaders\gouraud.frag" />
    <None Include="shaders\gouraud.vert" />
    <None Include="shaders\pointlight.frag" />
    <None Include="shaders\pointlight.vert" />
    <None Include="shaders\text.frag" />
    <None Include="shaders\text.vert" />
    <None Include="src\engine\shaders\gouraud.frag" />
    <None Include="src\engine\shaders\gouraud.vert" />
    <None Include="src\engine\shaders\phong_blinn.frag" />
    <None Include="src\engine\shaders\phong_blinn.vert" />
    <None Include="src\engine\shaders\pointlight.frag" />
    <None Include="src\engine\shaders\pointlight.vert" />
    <None Include="src\engine\shaders\text.frag" />
    <None Include="src\engine\shaders\text.vert" />
  </ItemGroup>
</Project>