<?xml version="1.0" encoding="utf-8"?>
<Project ToolsVersion="4.0" xmlns="http://schemas.microsoft.com/developer/msbuild/2003">
  <ItemGroup>
    <Filter Include="Source Files">
      <UniqueIdentifier>{4FC737F1-C7A5-4376-A066-2A32D752A2FF}</UniqueIdentifier>
      <Extensions>cpp;c;cc;cxx;c++;cppm;ixx;def;odl;idl;hpj;bat;asm;asmx</Extensions>
    </Filter>
    <Filter Include="Header Files">
      <UniqueIdentifier>{93995380-89BD-4b04-88EB-625FBE52EBFB}</UniqueIdentifier>
      <Extensions>h;hh;hpp;hxx;h++;hm;inl;inc;ipp;xsd</Extensions>
    </Filter>
    <Filter Include="Resource Files">
      <UniqueIdentifier>{67DA6AB6-F800-4c08-8B7A-83BB121AAD01}</UniqueIdentifier>
      <Extensions>rc;ico;cur;bmp;dlg;rc2;rct;bin;rgs;gif;jpg;jpeg;jpe;resx;tiff;tif;png;wav;mfcribbon-ms</Extensions>
    </Filter>
  </ItemGroup>
  <ItemGroup>
    <ClCompile Include="src\engine\math\AVTmathLib.cpp">
      <Filter>Source Files</Filter>
    </ClCompile>
    <ClCompile Include="src\engine\renderer\basic_geometry.cpp">
      <Filter>Source Files</Filter>
    </ClCompile>
    <ClCompile Include="src\engine\renderer\vsShaderLib.cpp">
      <Filter>Source Files</Filter>
    </ClCompile>
    <ClCompile Include="src\engine\renderer\Texture_Loader.cpp">
      <Filter>Source Files</Filter>
    </ClCompile>
    <ClCompile Include="src\MicroMachines3D.cpp">
      <Filter>Source Files</Filter>
    </ClCompile>
    <ClCompile Include="src\engine\text\avtFreeType.cpp">
      <Filter>Source Files</Filter>
    </ClCompile>
    <ClCompile Include="src\engine\app\application.cpp">
      <Filter>Source Files</Filter>
    </ClCompile>
    <ClCompile Include="src\engine\app\inputHandler.cpp">
      <Filter>Source Files</Filter>
    </ClCompile>
    <ClCompile Include="src\engine\scene\scene.cpp">
      <Filter>Source Files</Filter>
    </ClCompile>
    <ClCompile Include="src\engine\scene\entity.cpp">
      <Filter>Source Files</Filter>
    </ClCompile>
    <ClCompile Include="src\MicroMachines3D\scripts\camera\orbitTargetScript.cpp">
      <Filter>Source Files</Filter>
    </ClCompile>
    <ClCompile Include="src\engine\renderer\renderer.cpp">
      <Filter>Source Files</Filter>
    </ClCompile>
    <ClCompile Include="src\engine\scene\components\renderable.cpp">
      <Filter>Source Files</Filter>
    </ClCompile>
    <ClCompile Include="src\engine\scene\ecsRegistry.cpp">
      <Filter>Source Files</Filter>
    </ClCompile>
    <ClCompile Include="src\engine\math\transform.cpp">
      <Filter>Source Files</Filter>
    </ClCompile>
    <ClCompile Include="src\engine\scene\components.cpp">
      <Filter>Source Files</Filter>
    </ClCompile>
  </ItemGroup>
  <ItemGroup>
    <ClInclude Include="src\engine\math\AVTmathLib.h">
      <Filter>Header Files</Filter>
    </ClInclude>
    <ClInclude Include="src\engine\renderer\cube.h">
      <Filter>Header Files</Filter>
    </ClInclude>
    <ClInclude Include="src\engine\renderer\VertexAttrDef.h">
      <Filter>Header Files</Filter>
    </ClInclude>
    <ClInclude Include="src\engine\renderer\vsShaderLib.h">
      <Filter>Header Files</Filter>
    </ClInclude>
    <ClInclude Include="src\engine\renderer\Texture_Loader.h">
      <Filter>Header Files</Filter>
    </ClInclude>
    <ClInclude Include="src\engine\renderer\geometry.h">
      <Filter>Header Files</Filter>
    </ClInclude>
    <ClInclude Include="src\ft2build.h">
      <Filter>Header Files</Filter>
    </ClInclude>
    <ClInclude Include="src\engine\text\avtFreeType.h">
      <Filter>Header Files</Filter>
    </ClInclude>
    <ClInclude Include="src\engine\app\application.h">
      <Filter>Header Files</Filter>
    </ClInclude>
    <ClInclude Include="src\engine\app\callback.h">
      <Filter>Header Files</Filter>
    </ClInclude>
    <ClInclude Include="src\engine\app\inputHandler.h">
      <Filter>Header Files</Filter>
    </ClInclude>
    <ClInclude Include="src\engine\scene\scene.h">
      <Filter>Header Files</Filter>
    </ClInclude>
    <ClInclude Include="src\engine\scene\camera.h">
      <Filter>Header Files</Filter>
    </ClInclude>
    <ClInclude Include="src\engine\scene\entity.h">
      <Filter>Header Files</Filter>
    </ClInclude>
    <ClInclude Include="src\engine\scene\script.h">
      <Filter>Header Files</Filter>
    </ClInclude>
    <ClInclude Include="src\MicroMachines3D\scripts\camera\orbitTargetScript.h">
      <Filter>Header Files</Filter>
    </ClInclude>
    <ClInclude Include="src\engine\renderer\renderer.h">
      <Filter>Header Files</Filter>
    </ClInclude>
    <ClInclude Include="src\engine\utils\coords.h">
      <Filter>Header Files</Filter>
    </ClInclude>
    <ClInclude Include="src\MicroMachines3D\scenes\MicroMachines3DScene.h">
      <Filter>Header Files</Filter>
    </ClInclude>
    <ClInclude Include="src\MicroMachines3D\common\constants.h">
      <Filter>Header Files</Filter>
    </ClInclude>
    <ClInclude Include="src\engine\scene\components\renderable.h">
      <Filter>Header Files</Filter>
    </ClInclude>
    <ClInclude Include="src\MicroMachines3D\gameObjects\world\table\tableTop.h">
      <Filter>Header Files</Filter>
    </ClInclude>
    <ClInclude Include="src\MicroMachines3D\gameObjects\manager\cameraManager.h">
      <Filter>Header Files</Filter>
    </ClInclude>
    <ClInclude Include="src\MicroMachines3D\gameObjects\world\table\tableLeg.h">
      <Filter>Header Files</Filter>
    </ClInclude>
    <ClInclude Include="src\MicroMachines3D\gameObjects\world\table\table.h">
      <Filter>Header Files</Filter>
    </ClInclude>
    <ClInclude Include="src\engine\scene\components.h">
      <Filter>Header Files</Filter>
    </ClInclude>
    <ClInclude Include="src\engine\scene\ecsRegistry.h">
      <Filter>Header Files</Filter>
    </ClInclude>
    <ClInclude Include="src\engine\math\transform.h">
      <Filter>Header Files</Filter>
    </ClInclude>
  </ItemGroup>
  <ItemGroup>
    <None Include="src\engine\shaders\pointlight.frag">
      <Filter>Resource Files</Filter>
    </None>
    <None Include="src\engine\shaders\pointlight.vert">
      <Filter>Resource Files</Filter>
    </None>
    <None Include="Dependencies.exe" />
    <None Include="src\engine\shaders\text.frag">
      <Filter>Resource Files</Filter>
    </None>
    <None Include="src\engine\shaders\text.vert">
      <Filter>Resource Files</Filter>
    </None>
    <None Include="src\engine\shaders\gouraud.frag" />
    <None Include="src\engine\shaders\gouraud.vert" />
    <None Include="src\engine\shaders\phong_blinn.frag" />
    <None Include="src\engine\shaders\phong_blinn.vert" />
  </ItemGroup>
</Project>